
Microsoft Visual Studio Solution File, Format Version 12.00
# Visual Studio Version 17
VisualStudioVersion = 17.0.32112.339
MinimumVisualStudioVersion = 10.0.40219.1
Project("{FAE04EC0-301F-11D3-BF4B-00C04F79EFBC}") = "LeaveAPI", "LeaveAPI\LeaveAPI.csproj", "{6D745F56-B040-492D-9723-ED816DA88BD7}"
EndProject
Global
	GlobalSection(SolutionConfigurationPlatforms) = preSolution
		Debug|Any CPU = Debug|Any CPU
		Release|Any CPU = Release|Any CPU
	EndGlobalSection
	GlobalSection(ProjectConfigurationPlatforms) = postSolution
		{6D745F56-B040-492D-9723-ED816DA88BD7}.Debug|Any CPU.ActiveCfg = Debug|Any CPU
		{6D745F56-B040-492D-9723-ED816DA88BD7}.Debug|Any CPU.Build.0 = Debug|Any CPU
		{6D745F56-B040-492D-9723-ED816DA88BD7}.Release|Any CPU.ActiveCfg = Release|Any CPU
		{6D745F56-B040-492D-9723-ED816DA88BD7}.Release|Any CPU.Build.0 = Release|Any CPU
	EndGlobalSection
	GlobalSection(SolutionProperties) = preSolution
		HideSolutionNode = FALSE
	EndGlobalSection
	GlobalSection(ExtensibilityGlobals) = postSolution
		SolutionGuid = {F76E9CEB-8425-405C-BAEA-361BA69E9B02}
	EndGlobalSection
EndGlobal
